
Microsoft Visual Studio Solution File, Format Version 12.00
# Visual Studio 14
VisualStudioVersion = 14.0.23107.0
MinimumVisualStudioVersion = 10.0.40219.1
Project("{FAE04EC0-301F-11D3-BF4B-00C04F79EFBC}") = "NoteManager", "NoteManager\NoteManager.csproj", "{A633B1A3-A20F-4710-8C56-C0C273145845}"
	ProjectSection(ProjectDependencies) = postProject
		{131CEC53-63BF-4C36-8BC3-0E5E14ABC8E6} = {131CEC53-63BF-4C36-8BC3-0E5E14ABC8E6}
	EndProjectSection
EndProject
Project("{FAE04EC0-301F-11D3-BF4B-00C04F79EFBC}") = "Service", "Service\Service.csproj", "{131CEC53-63BF-4C36-8BC3-0E5E14ABC8E6}"
EndProject
Global
	GlobalSection(SolutionConfigurationPlatforms) = preSolution
		Debug|Any CPU = Debug|Any CPU
		Release|Any CPU = Release|Any CPU
	EndGlobalSection
	GlobalSection(ProjectConfigurationPlatforms) = postSolution
		{A633B1A3-A20F-4710-8C56-C0C273145845}.Debug|Any CPU.ActiveCfg = Debug|Any CPU
		{A633B1A3-A20F-4710-8C56-C0C273145845}.Debug|Any CPU.Build.0 = Debug|Any CPU
		{A633B1A3-A20F-4710-8C56-C0C273145845}.Release|Any CPU.ActiveCfg = Release|Any CPU
		{A633B1A3-A20F-4710-8C56-C0C273145845}.Release|Any CPU.Build.0 = Release|Any CPU
		{131CEC53-63BF-4C36-8BC3-0E5E14ABC8E6}.Debug|Any CPU.ActiveCfg = Debug|Any CPU
		{131CEC53-63BF-4C36-8BC3-0E5E14ABC8E6}.Debug|Any CPU.Build.0 = Debug|Any CPU
		{131CEC53-63BF-4C36-8BC3-0E5E14ABC8E6}.Release|Any CPU.ActiveCfg = Release|Any CPU
		{131CEC53-63BF-4C36-8BC3-0E5E14ABC8E6}.Release|Any CPU.Build.0 = Release|Any CPU
	EndGlobalSection
	GlobalSection(SolutionProperties) = preSolution
		HideSolutionNode = FALSE
	EndGlobalSection
EndGlobal
